
Microsoft Visual Studio Solution File, Format Version 12.00
# Visual Studio 2012
Project("{FAE04EC0-301F-11D3-BF4B-00C04F79EFBC}") = "EventSample", "EventSample\EventSample.csproj", "{5948331B-EFC1-4F64-A5E0-77640DA459AA}"
EndProject
Project("{FAE04EC0-301F-11D3-BF4B-00C04F79EFBC}") = "SeconEventSample", "SeconEventSample\SeconEventSample.csproj", "{04A5959F-E377-4F64-AF81-9B08AC6908A6}"
EndProject
Global
	GlobalSection(SolutionConfigurationPlatforms) = preSolution
		Debug|Any CPU = Debug|Any CPU
		Release|Any CPU = Release|Any CPU
	EndGlobalSection
	GlobalSection(ProjectConfigurationPlatforms) = postSolution
		{5948331B-EFC1-4F64-A5E0-77640DA459AA}.Debug|Any CPU.ActiveCfg = Debug|Any CPU
		{5948331B-EFC1-4F64-A5E0-77640DA459AA}.Debug|Any CPU.Build.0 = Debug|Any CPU
		{5948331B-EFC1-4F64-A5E0-77640DA459AA}.Release|Any CPU.ActiveCfg = Release|Any CPU
		{5948331B-EFC1-4F64-A5E0-77640DA459AA}.Release|Any CPU.Build.0 = Release|Any CPU
		{04A5959F-E377-4F64-AF81-9B08AC6908A6}.Debug|Any CPU.ActiveCfg = Debug|Any CPU
		{04A5959F-E377-4F64-AF81-9B08AC6908A6}.Debug|Any CPU.Build.0 = Debug|Any CPU
		{04A5959F-E377-4F64-AF81-9B08AC6908A6}.Release|Any CPU.ActiveCfg = Release|Any CPU
		{04A5959F-E377-4F64-AF81-9B08AC6908A6}.Release|Any CPU.Build.0 = Release|Any CPU
	EndGlobalSection
	GlobalSection(SolutionProperties) = preSolution
		HideSolutionNode = FALSE
	EndGlobalSection
EndGlobal
